
Microsoft Visual Studio Solution File, Format Version 12.00
# Visual Studio Version 17
VisualStudioVersion = 17.8.34309.116
MinimumVisualStudioVersion = 10.0.40219.1
Project("{FAE04EC0-301F-11D3-BF4B-00C04F79EFBC}") = "DynamicHeaders-api", "DynamicHeaders-api.csproj", "{BE8F1274-89BB-4998-8F93-BB5ED30683A0}"
EndProject
Global
	GlobalSection(SolutionConfigurationPlatforms) = preSolution
		Debug|Any CPU = Debug|Any CPU
		Release|Any CPU = Release|Any CPU
	EndGlobalSection
	GlobalSection(ProjectConfigurationPlatforms) = postSolution
		{BE8F1274-89BB-4998-8F93-BB5ED30683A0}.Debug|Any CPU.ActiveCfg = Debug|Any CPU
		{BE8F1274-89BB-4998-8F93-BB5ED30683A0}.Debug|Any CPU.Build.0 = Debug|Any CPU
		{BE8F1274-89BB-4998-8F93-BB5ED30683A0}.Release|Any CPU.ActiveCfg = Release|Any CPU
		{BE8F1274-89BB-4998-8F93-BB5ED30683A0}.Release|Any CPU.Build.0 = Release|Any CPU
	EndGlobalSection
	GlobalSection(SolutionProperties) = preSolution
		HideSolutionNode = FALSE
	EndGlobalSection
	GlobalSection(ExtensibilityGlobals) = postSolution
		SolutionGuid = {F1398C62-4262-47B1-A5C5-A521D79E794B}
	EndGlobalSection
EndGlobal
